github.com/K-Phoen/grabana v0.22.2 h1:tMiSvcKHnDbXi3IgBCax2+sg5qL6x0G6wMURHgjGDag=
github.com/K-Phoen/grabana v0.22.2/go.mod h1:TbgU7jM55UlExzQyzu6AMiSUXr9jiaXmCu9AN28WXHk=
github.com/K-Phoen/sdk v0.12.4 h1:j2EYuBJm3zDTD0fGKACVFWxAXtkR0q5QzfVqxmHSeGQ=
github.com/K-Phoen/sdk v0.12.4/go.mod h1:qmM0wO23CtoDux528MXPpYvS4XkRWkWX6rvX9Za8EVU=
github.com/google/go-jsonnet v0.20.0 h1:WG4TTSARuV7bSm4PMB4ohjxe33IHT5WVTrJSU33uT4g=
github.com/google/go-jsonnet v0.20.0/go.mod h1:VbgWF9JX7ztlv770x/TolZNGGFfiHEVx9G6ca2eUmeA=
github.com/gosimple/slug v1.13.1 h1:bQ+kpX9Qa6tHRaK+fZR0A0M2Kd7Pa5eHPPsb1JpHD+Q=
github.com/gosimple/slug v1.13.1/go.mod h1:UiRaFH+GEilHstLUmcBgWcI42viBN7mAb818JrYOeFQ=
github.com/gosimple/unidecode v1.0.1 h1:hZzFTMMqSswvf0LBJZCZgThIZrpDHFXux9KeGmn6T/o=
github.com/gosimple/unidecode v1.0.1/go.mod h1:CP0Cr1Y1kogOtx0bJblKzsVWrqYaqfNOnHzpgWw4Awc=
github.com/prometheus/common v0.45.0 h1:2BGz0eBc2hdMDLnO/8n0jeB3oPrt2D08CekT0lneoxM=
github.com/prometheus/common v0.45.0/go.mod h1:YJmSTw9BoKxJplESWWxlbyttQR4uaEcGyv9MZjVOJsY=
gopkg.in/check.v1 v0.0.0-20161208181325-20d25e280405/go.mod h1:Co6ibVJAznAaIkqp8huTwlJQCZ016jof/cbN4VW5Yz0=
gopkg.in/yaml.v2 v2.2.7 h1:VUgggvou5XRW9mHwD/yXxIYSMtY0zoKQf/v226p2nyo=
gopkg.in/yaml.v2 v2.2.7/go.mod h1:hI93XBmqTisBFMUTm0b8Fm+jr3Dg1NNxqwp+5A1VGuI=
gopkg.in/yaml.v2 v2.4.0/go.mod h1:RDklbk79AGWmwhnvt/jBztapEOGDOx6ZbXqjP6csGnQ=
gopkg.in/yaml.v3 v3.0.1 h1:fxVm/GzAzEWqLHuvctI91KS9hhNmmWOoWu0XTYJS7CA=
gopkg.in/yaml.v3 v3.0.1/go.mod h1:K4uyk7z7BCEPqu6E+C64Yfv1cQ7kz7rIZviUmN+EgEM=
sigs.k8s.io/yaml v1.1.0 h1:4A07+ZFc2wgJwo8YNlQpr1rVlgUDlxXHhPJciaPY5gs=
sigs.k8s.io/yaml v1.1.0/go.mod h1:UJmg0vDUVViEyp3mgSv9WPwZCDxu4rQW1olrI1uml+o=
